// !$*UTF8*$!
{
	archiveVersion = 1;
	classes = {
	};
	objectVersion = 50;
	objects = {

/* Begin PBXBuildFile section */
		8426BE4425FFAD9A00724201 /* AppDelegate.swift in Sources */ = {isa = PBXBuildFile; fileRef = 8426BE4325FFAD9A00724201 /* AppDelegate.swift */; };
		8426BE4625FFAD9A00724201 /* SceneDelegate.swift in Sources */ = {isa = PBXBuildFile; fileRef = 8426BE4525FFAD9A00724201 /* SceneDelegate.swift */; };
		8426BE4825FFAD9A00724201 /* ContentView.swift in Sources */ = {isa = PBXBuildFile; fileRef = 8426BE4725FFAD9A00724201 /* ContentView.swift */; };
		8426BE4A25FFADA300724201 /* Assets.xcassets in Resources */ = {isa = PBXBuildFile; fileRef = 8426BE4925FFADA300724201 /* Assets.xcassets */; };
		8426BE4D25FFADA300724201 /* Preview Assets.xcassets in Resources */ = {isa = PBXBuildFile; fileRef = 8426BE4C25FFADA300724201 /* Preview Assets.xcassets */; };
		8426BE5025FFADA300724201 /* LaunchScreen.storyboard in Resources */ = {isa = PBXBuildFile; fileRef = 8426BE4E25FFADA300724201 /* LaunchScreen.storyboard */; };
		8426BE5A25FFB41500724201 /* NetworkManager.swift in Sources */ = {isa = PBXBuildFile; fileRef = 8426BE5925FFB41500724201 /* NetworkManager.swift */; };
		8426BE5E25FFB62A00724201 /* PostData.swift in Sources */ = {isa = PBXBuildFile; fileRef = 8426BE5D25FFB62A00724201 /* PostData.swift */; };
		8426BE6125FFCC2C00724201 /* DetailView.swift in Sources */ = {isa = PBXBuildFile; fileRef = 8426BE6025FFCC2C00724201 /* DetailView.swift */; };
		8458041D25FFD3D600A1004F /* WebView.swift in Sources */ = {isa = PBXBuildFile; fileRef = 8458041C25FFD3D600A1004F /* WebView.swift */; };
/* End PBXBuildFile section */

/* Begin PBXFileReference section */
		8426BE4025FFAD9A00724201 /* H4X0R.app */ = {isa = PBXFileReference; explicitFileType = wrapper.application; includeInIndex = 0; path = H4X0R.app; sourceTree = BUILT_PRODUCTS_DIR; };
		8426BE4325FFAD9A00724201 /* AppDelegate.swift */ = {isa = PBXFileReference; lastKnownFileType = sourcecode.swift; path = AppDelegate.swift; sourceTree = "<group>"; };
		8426BE4525FFAD9A00724201 /* SceneDelegate.swift */ = {isa = PBXFileReference; lastKnownFileType = sourcecode.swift; path = SceneDelegate.swift; sourceTree = "<group>"; };
		8426BE4725FFAD9A00724201 /* ContentView.swift */ = {isa = PBXFileReference; lastKnownFileType = sourcecode.swift; path = ContentView.swift; sourceTree = "<group>"; };
		8426BE4925FFADA300724201 /* Assets.xcassets */ = {isa = PBXFileReference; lastKnownFileType = folder.assetcatalog; path = Assets.xcassets; sourceTree = "<group>"; };
		8426BE4C25FFADA300724201 /* Preview Assets.xcassets */ = {isa = PBXFileReference; lastKnownFileType = folder.assetcatalog; path = "Preview Assets.xcassets"; sourceTree = "<group>"; };
		8426BE4F25FFADA300724201 /* Base */ = {isa = PBXFileReference; lastKnownFileType = file.storyboard; name = Base; path = Base.lproj/LaunchScreen.storyboard; sourceTree = "<group>"; };
		8426BE5125FFADA300724201 /* Info.plist */ = {isa = PBXFileReference; lastKnownFileType = text.plist.xml; path = Info.plist; sourceTree = "<group>"; };
		8426BE5925FFB41500724201 /* NetworkManager.swift */ = {isa = PBXFileReference; lastKnownFileType = sourcecode.swift; path = NetworkManager.swift; sourceTree = "<group>"; };
		8426BE5D25FFB62A00724201 /* PostData.swift */ = {isa = PBXFileReference; lastKnownFileType = sourcecode.swift; path = PostData.swift; sourceTree = "<group>"; };
		8426BE6025FFCC2C00724201 /* DetailView.swift */ = {isa = PBXFileReference; lastKnownFileType = sourcecode.swift; path = DetailView.swift; sourceTree = "<group>"; };
		8458041C25FFD3D600A1004F /* WebView.swift */ = {isa = PBXFileReference; lastKnownFileType = sourcecode.swift; path = WebView.swift; sourceTree = "<group>"; };
/* End PBXFileReference section */

/* Begin PBXFrameworksBuildPhase section */
		8426BE3D25FFAD9A00724201 /* Frameworks */ = {
			isa = PBXFrameworksBuildPhase;
			buildActionMask = 2147483647;
			files = (
			);
			runOnlyForDeploymentPostprocessing = 0;
		};
/* End PBXFrameworksBuildPhase section */

/* Begin PBXGroup section */
		8426BE3725FFAD9A00724201 = {
			isa = PBXGroup;
			children = (
				8426BE4225FFAD9A00724201 /* H4X0R */,
				8426BE4125FFAD9A00724201 /* Products */,
			);
			sourceTree = "<group>";
		};
		8426BE4125FFAD9A00724201 /* Products */ = {
			isa = PBXGroup;
			children = (
				8426BE4025FFAD9A00724201 /* H4X0R.app */,
			);
			name = Products;
			sourceTree = "<group>";
		};
		8426BE4225FFAD9A00724201 /* H4X0R */ = {
			isa = PBXGroup;
			children = (
				8426BE4325FFAD9A00724201 /* AppDelegate.swift */,
				8426BE4525FFAD9A00724201 /* SceneDelegate.swift */,
				8426BE6325FFCC3A00724201 /* View */,
				8426BE5825FFB3FD00724201 /* Models */,
				8426BE4925FFADA300724201 /* Assets.xcassets */,
				8426BE4E25FFADA300724201 /* LaunchScreen.storyboard */,
				8426BE5125FFADA300724201 /* Info.plist */,
				8426BE4B25FFADA300724201 /* Preview Content */,
			);
			path = H4X0R;
			sourceTree = "<group>";
		};
		8426BE4B25FFADA300724201 /* Preview Content */ = {
			isa = PBXGroup;
			children = (
				8426BE4C25FFADA300724201 /* Preview Assets.xcassets */,
			);
			path = "Preview Content";
			sourceTree = "<group>";
		};
		8426BE5825FFB3FD00724201 /* Models */ = {
			isa = PBXGroup;
			children = (
				8426BE5925FFB41500724201 /* NetworkManager.swift */,
				8426BE5D25FFB62A00724201 /* PostData.swift */,
			);
			path = Models;
			sourceTree = "<group>";
		};
		8426BE6325FFCC3A00724201 /* View */ = {
			isa = PBXGroup;
			children = (
				8426BE4725FFAD9A00724201 /* ContentView.swift */,
				8426BE6025FFCC2C00724201 /* DetailView.swift */,
				8458041C25FFD3D600A1004F /* WebView.swift */,
			);
			path = View;
			sourceTree = "<group>";
		};
/* End PBXGroup section */

/* Begin PBXNativeTarget section */
		8426BE3F25FFAD9A00724201 /* H4X0R */ = {
			isa = PBXNativeTarget;
			buildConfigurationList = 8426BE5425FFADA300724201 /* Build configuration list for PBXNativeTarget "H4X0R" */;
			buildPhases = (
				8426BE3C25FFAD9A00724201 /* Sources */,
				8426BE3D25FFAD9A00724201 /* Frameworks */,
				8426BE3E25FFAD9A00724201 /* Resources */,
			);
			buildRules = (
			);
			dependencies = (
			);
			name = H4X0R;
			productName = H4X0R;
			productReference = 8426BE4025FFAD9A00724201 /* H4X0R.app */;
			productType = "com.apple.product-type.application";
		};
/* End PBXNativeTarget section */

/* Begin PBXProject section */
		8426BE3825FFAD9A00724201 /* Project object */ = {
			isa = PBXProject;
			attributes = {
				LastSwiftUpdateCheck = 1230;
				LastUpgradeCheck = 1230;
				TargetAttributes = {
					8426BE3F25FFAD9A00724201 = {
						CreatedOnToolsVersion = 12.3;
					};
				};
			};
			buildConfigurationList = 8426BE3B25FFAD9A00724201 /* Build configuration list for PBXProject "H4X0R" */;
			compatibilityVersion = "Xcode 9.3";
			developmentRegion = en;
			hasScannedForEncodings = 0;
			knownRegions = (
				en,
				Base,
			);
			mainGroup = 8426BE3725FFAD9A00724201;
			productRefGroup = 8426BE4125FFAD9A00724201 /* Products */;
			projectDirPath = "";
			projectRoot = "";
			targets = (
				8426BE3F25FFAD9A00724201 /* H4X0R */,
			);
		};
/* End PBXProject section */

/* Begin PBXResourcesBuildPhase section */
		8426BE3E25FFAD9A00724201 /* Resources */ = {
			isa = PBXResourcesBuildPhase;
			buildActionMask = 2147483647;
			files = (
				8426BE5025FFADA300724201 /* LaunchScreen.storyboard in Resources */,
				8426BE4D25FFADA300724201 /* Preview Assets.xcassets in Resources */,
				8426BE4A25FFADA300724201 /* Assets.xcassets in Resources */,
			);
			runOnlyForDeploymentPostprocessing = 0;
		};
/* End PBXResourcesBuildPhase section */

/* Begin PBXSourcesBuildPhase section */
		8426BE3C25FFAD9A00724201 /* Sources */ = {
			isa = PBXSourcesBuildPhase;
			buildActionMask = 2147483647;
			files = (
				8426BE5E25FFB62A00724201 /* PostData.swift in Sources */,
				8426BE6125FFCC2C00724201 /* DetailView.swift in Sources */,
				8426BE5A25FFB41500724201 /* NetworkManager.swift in Sources */,
				8426BE4425FFAD9A00724201 /* AppDelegate.swift in Sources */,
				8426BE4625FFAD9A00724201 /* SceneDelegate.swift in Sources */,
				8426BE4825FFAD9A00724201 /* ContentView.swift in Sources */,
				8458041D25FFD3D600A1004F /* WebView.swift in Sources */,
			);
			runOnlyForDeploymentPostprocessing = 0;
		};
/* End PBXSourcesBuildPhase section */

/* Begin PBXVariantGroup section */
		8426BE4E25FFADA300724201 /* LaunchScreen.storyboard */ = {
			isa = PBXVariantGroup;
			children = (
				8426BE4F25FFADA300724201 /* Base */,
			);
			name = LaunchScreen.storyboard;
			sourceTree = "<group>";
		};
/* End PBXVariantGroup section */

/* Begin XCBuildConfiguration section */
		8426BE5225FFADA300724201 /* Debug */ = {
			isa = XCBuildConfiguration;
			buildSettings = {
				ALWAYS_SEARCH_USER_PATHS = NO;
				CLANG_ANALYZER_NONNULL = YES;
				CLANG_ANALYZER_NUMBER_OBJECT_CONVERSION = YES_AGGRESSIVE;
				CLANG_CXX_LANGUAGE_STANDARD = "gnu++14";
				CLANG_CXX_LIBRARY = "libc++";
				CLANG_ENABLE_MODULES = YES;
				CLANG_ENABLE_OBJC_ARC = YES;
				CLANG_ENABLE_OBJC_WEAK = YES;
				CLANG_WARN_BLOCK_CAPTURE_AUTORELEASING = YES;
				CLANG_WARN_BOOL_CONVERSION = YES;
				CLANG_WARN_COMMA = YES;
				CLANG_WARN_CONSTANT_CONVERSION = YES;
				CLANG_WARN_DEPRECATED_OBJC_IMPLEMENTATIONS = YES;
				CLANG_WARN_DIRECT_OBJC_ISA_USAGE = YES_ERROR;
				CLANG_WARN_DOCUMENTATION_COMMENTS = YES;
				CLANG_WARN_EMPTY_BODY = YES;
				CLANG_WARN_ENUM_CONVERSION = YES;
				CLANG_WARN_INFINITE_RECURSION = YES;
				CLANG_WARN_INT_CONVERSION = YES;
				CLANG_WARN_NON_LITERAL_NULL_CONVERSION = YES;
				CLANG_WARN_OBJC_IMPLICIT_RETAIN_SELF = YES;
				CLANG_WARN_OBJC_LITERAL_CONVERSION = YES;
				CLANG_WARN_OBJC_ROOT_CLASS = YES_ERROR;
				CLANG_WARN_QUOTED_INCLUDE_IN_FRAMEWORK_HEADER = YES;
				CLANG_WARN_RANGE_LOOP_ANALYSIS = YES;
				CLANG_WARN_STRICT_PROTOTYPES = YES;
				CLANG_WARN_SUSPICIOUS_MOVE = YES;
				CLANG_WARN_UNGUARDED_AVAILABILITY = YES_AGGRESSIVE;
				CLANG_WARN_UNREACHABLE_CODE = YES;
				CLANG_WARN__DUPLICATE_METHOD_MATCH = YES;
				COPY_PHASE_STRIP = NO;
				DEBUG_INFORMATION_FORMAT = dwarf;
				ENABLE_STRICT_OBJC_MSGSEND = YES;
				ENABLE_TESTABILITY = YES;
				GCC_C_LANGUAGE_STANDARD = gnu11;
				GCC_DYNAMIC_NO_PIC = NO;
				GCC_NO_COMMON_BLOCKS = YES;
				GCC_OPTIMIZATION_LEVEL = 0;
				GCC_PREPROCESSOR_DEFINITIONS = (
					"DEBUG=1",
					"$(inherited)",
				);
				GCC_WARN_64_TO_32_BIT_CONVERSION = YES;
				GCC_WARN_ABOUT_RETURN_TYPE = YES_ERROR;
				GCC_WARN_UNDECLARED_SELECTOR = YES;
				GCC_WARN_UNINITIALIZED_AUTOS = YES_AGGRESSIVE;
				GCC_WARN_UNUSED_FUNCTION = YES;
				GCC_WARN_UNUSED_VARIABLE = YES;
				IPHONEOS_DEPLOYMENT_TARGET = 14.3;
				MTL_ENABLE_DEBUG_INFO = INCLUDE_SOURCE;
				MTL_FAST_MATH = YES;
				ONLY_ACTIVE_ARCH = YES;
				SDKROOT = iphoneos;
				SWIFT_ACTIVE_COMPILATION_CONDITIONS = DEBUG;
				SWIFT_OPTIMIZATION_LEVEL = "-Onone";
			};
			name = Debug;
		};
		8426BE5325FFADA300724201 /* Release */ = {
			isa = XCBuildConfiguration;
			buildSettings = {
				ALWAYS_SEARCH_USER_PATHS = NO;
				CLANG_ANALYZER_NONNULL = YES;
				CLANG_ANALYZER_NUMBER_OBJECT_CONVERSION = YES_AGGRESSIVE;
				CLANG_CXX_LANGUAGE_STANDARD = "gnu++14";
				CLANG_CXX_LIBRARY = "libc++";
				CLANG_ENABLE_MODULES = YES;
				CLANG_ENABLE_OBJC_ARC = YES;
				CLANG_ENABLE_OBJC_WEAK = YES;
				CLANG_WARN_BLOCK_CAPTURE_AUTORELEASING = YES;
				CLANG_WARN_BOOL_CONVERSION = YES;
				CLANG_WARN_COMMA = YES;
				CLANG_WARN_CONSTANT_CONVERSION = YES;
				CLANG_WARN_DEPRECATED_OBJC_IMPLEMENTATIONS = YES;
				CLANG_WARN_DIRECT_OBJC_ISA_USAGE = YES_ERROR;
				CLANG_WARN_DOCUMENTATION_COMMENTS = YES;
				CLANG_WARN_EMPTY_BODY = YES;
				CLANG_WARN_ENUM_CONVERSION = YES;
				CLANG_WARN_INFINITE_RECURSION = YES;
				CLANG_WARN_INT_CONVERSION = YES;
				CLANG_WARN_NON_LITERAL_NULL_CONVERSION = YES;
				CLANG_WARN_OBJC_IMPLICIT_RETAIN_SELF = YES;
				CLANG_WARN_OBJC_LITERAL_CONVERSION = YES;
				CLANG_WARN_OBJC_ROOT_CLASS = YES_ERROR;
				CLANG_WARN_QUOTED_INCLUDE_IN_FRAMEWORK_HEADER = YES;
				CLANG_WARN_RANGE_LOOP_ANALYSIS = YES;
				CLANG_WARN_STRICT_PROTOTYPES = YES;
				CLANG_WARN_SUSPICIOUS_MOVE = YES;
				CLANG_WARN_UNGUARDED_AVAILABILITY = YES_AGGRESSIVE;
				CLANG_WARN_UNREACHABLE_CODE = YES;
				CLANG_WARN__DUPLICATE_METHOD_MATCH = YES;
				COPY_PHASE_STRIP = NO;
				DEBUG_INFORMATION_FORMAT = "dwarf-with-dsym";
				ENABLE_NS_ASSERTIONS = NO;
				ENABLE_STRICT_OBJC_MSGSEND = YES;
				GCC_C_LANGUAGE_STANDARD = gnu11;
				GCC_NO_COMMON_BLOCKS = YES;
				GCC_WARN_64_TO_32_BIT_CONVERSION = YES;
				GCC_WARN_ABOUT_RETURN_TYPE = YES_ERROR;
				GCC_WARN_UNDECLARED_SELECTOR = YES;
				GCC_WARN_UNINITIALIZED_AUTOS = YES_AGGRESSIVE;
				GCC_WARN_UNUSED_FUNCTION = YES;
				GCC_WARN_UNUSED_VARIABLE = YES;
				IPHONEOS_DEPLOYMENT_TARGET = 14.3;
				MTL_ENABLE_DEBUG_INFO = NO;
				MTL_FAST_MATH = YES;
				SDKROOT = iphoneos;
				SWIFT_COMPILATION_MODE = wholemodule;
				SWIFT_OPTIMIZATION_LEVEL = "-O";
				VALIDATE_PRODUCT = YES;
			};
			name = Release;
		};
		8426BE5525FFADA300724201 /* Debug */ = {
			isa = XCBuildConfiguration;
			buildSettings = {
				ASSETCATALOG_COMPILER_APPICON_NAME = AppIcon;
				ASSETCATALOG_COMPILER_GLOBAL_ACCENT_COLOR_NAME = AccentColor;
				CODE_SIGN_STYLE = Automatic;
				DEVELOPMENT_ASSET_PATHS = "\"H4X0R/Preview Content\"";
				DEVELOPMENT_TEAM = 4NN6F8AKYC;
				ENABLE_PREVIEWS = YES;
				INFOPLIST_FILE = H4X0R/Info.plist;
				LD_RUNPATH_SEARCH_PATHS = (
					"$(inherited)",
					"@executable_path/Frameworks",
				);
				PRODUCT_BUNDLE_IDENTIFIER = igora.H4X0R;
				PRODUCT_NAME = "$(TARGET_NAME)";
				SWIFT_VERSION = 5.0;
				TARGETED_DEVICE_FAMILY = "1,2";
			};
			name = Debug;
		};
		8426BE5625FFADA300724201 /* Release */ = {
			isa = XCBuildConfiguration;
			buildSettings = {
				ASSETCATALOG_COMPILER_APPICON_NAME = AppIcon;
				ASSETCATALOG_COMPILER_GLOBAL_ACCENT_COLOR_NAME = AccentColor;
				CODE_SIGN_STYLE = Automatic;
				DEVELOPMENT_ASSET_PATHS = "\"H4X0R/Preview Content\"";
				DEVELOPMENT_TEAM = 4NN6F8AKYC;
				ENABLE_PREVIEWS = YES;
				INFOPLIST_FILE = H4X0R/Info.plist;
				LD_RUNPATH_SEARCH_PATHS = (
					"$(inherited)",
					"@executable_path/Frameworks",
				);
				PRODUCT_BUNDLE_IDENTIFIER = igora.H4X0R;
				PRODUCT_NAME = "$(TARGET_NAME)";
				SWIFT_VERSION = 5.0;
				TARGETED_DEVICE_FAMILY = "1,2";
			};
			name = Release;
		};
/* End XCBuildConfiguration section */

/* Begin XCConfigurationList section */
		8426BE3B25FFAD9A00724201 /* Build configuration list for PBXProject "H4X0R" */ = {
			isa = XCConfigurationList;
			buildConfigurations = (
				8426BE5225FFADA300724201 /* Debug */,
				8426BE5325FFADA300724201 /* Release */,
			);
			defaultConfigurationIsVisible = 0;
			defaultConfigurationName = Release;
		};
		8426BE5425FFADA300724201 /* Build configuration list for PBXNativeTarget "H4X0R" */ = {
			isa = XCConfigurationList;
			buildConfigurations = (
				8426BE5525FFADA300724201 /* Debug */,
				8426BE5625FFADA300724201 /* Release */,
			);
			defaultConfigurationIsVisible = 0;
			defaultConfigurationName = Release;
		};
/* End XCConfigurationList section */
	};
	rootObject = 8426BE3825FFAD9A00724201 /* Project object */;
}
